// !$*UTF8*$!
{
	archiveVersion = 1;
	classes = {
	};
	objectVersion = 50;
	objects = {

/* Begin PBXBuildFile section */
		E103CA032540802300999872 /* CountriesPresenterInterface.swift in Sources */ = {isa = PBXBuildFile; fileRef = E103CA022540802300999872 /* CountriesPresenterInterface.swift */; };
		E103CA082540820500999872 /* Strings.swift in Sources */ = {isa = PBXBuildFile; fileRef = E103CA072540820500999872 /* Strings.swift */; };
		E1406615253C9404006ABC08 /* CountriesInteractor.swift in Sources */ = {isa = PBXBuildFile; fileRef = E1406614253C9404006ABC08 /* CountriesInteractor.swift */; };
		E14B2A8E253C9EFB00A085F8 /* CountriesViewController.swift in Sources */ = {isa = PBXBuildFile; fileRef = E14B2A8D253C9EFB00A085F8 /* CountriesViewController.swift */; };
		E14B2AA5253CA15400A085F8 /* CountriesInteractorInterface.swift in Sources */ = {isa = PBXBuildFile; fileRef = E14B2AA4253CA15400A085F8 /* CountriesInteractorInterface.swift */; };
		E14B2AB4253CA47600A085F8 /* CountriesViewControllerDelegate.swift in Sources */ = {isa = PBXBuildFile; fileRef = E14B2AB3253CA47600A085F8 /* CountriesViewControllerDelegate.swift */; };
		E14B2AC7253CAF5F00A085F8 /* CountriesViewControllerInterface.swift in Sources */ = {isa = PBXBuildFile; fileRef = E14B2AC6253CAF5F00A085F8 /* CountriesViewControllerInterface.swift */; };
		E14B2ACF253CB08A00A085F8 /* CountriesPresenter.swift in Sources */ = {isa = PBXBuildFile; fileRef = E14B2ACE253CB08A00A085F8 /* CountriesPresenter.swift */; };
		E14B2ADB253CB0A600A085F8 /* CountriesInteractorDelegate.swift in Sources */ = {isa = PBXBuildFile; fileRef = E14B2ADA253CB0A600A085F8 /* CountriesInteractorDelegate.swift */; };
		E14B2AE0253CB11900A085F8 /* CountriesPresenterDelegate.swift in Sources */ = {isa = PBXBuildFile; fileRef = E14B2ADF253CB11900A085F8 /* CountriesPresenterDelegate.swift */; };
		E14B2AE5253CB17600A085F8 /* CountriesViewControllerComposer.swift in Sources */ = {isa = PBXBuildFile; fileRef = E14B2AE4253CB17600A085F8 /* CountriesViewControllerComposer.swift */; };
		E14B2AF8253CC26400A085F8 /* CountriesView.swift in Sources */ = {isa = PBXBuildFile; fileRef = E14B2AF7253CC26400A085F8 /* CountriesView.swift */; };
		E14B2B01253CD28200A085F8 /* Sample.storyboard in Resources */ = {isa = PBXBuildFile; fileRef = E14B2B00253CD28200A085F8 /* Sample.storyboard */; };
		E15456F1253F4D6A00327313 /* LoadingViewProviderInterfaces.swift in Sources */ = {isa = PBXBuildFile; fileRef = E15456EF253F4D6A00327313 /* LoadingViewProviderInterfaces.swift */; };
		E15456F2253F4D6A00327313 /* LoadingViewProvider.swift in Sources */ = {isa = PBXBuildFile; fileRef = E15456F0253F4D6A00327313 /* LoadingViewProvider.swift */; };
		E1545702253F4D7F00327313 /* AlertViewControllerProviderInterface.swift in Sources */ = {isa = PBXBuildFile; fileRef = E15456FF253F4D7F00327313 /* AlertViewControllerProviderInterface.swift */; };
		E1545703253F4D7F00327313 /* AlertViewControllerProvider.swift in Sources */ = {isa = PBXBuildFile; fileRef = E1545700253F4D7F00327313 /* AlertViewControllerProvider.swift */; };
		E1545704253F4D7F00327313 /* AEAlertViewController.swift in Sources */ = {isa = PBXBuildFile; fileRef = E1545701253F4D7F00327313 /* AEAlertViewController.swift */; };
		E1545710253F4E1E00327313 /* TitleLabel.swift in Sources */ = {isa = PBXBuildFile; fileRef = E154570F253F4E1E00327313 /* TitleLabel.swift */; };
		E1545716253F4E3600327313 /* BodyLabel.swift in Sources */ = {isa = PBXBuildFile; fileRef = E1545714253F4E3600327313 /* BodyLabel.swift */; };
		E1545717253F4E3600327313 /* HeadlineLabel.swift in Sources */ = {isa = PBXBuildFile; fileRef = E1545715253F4E3600327313 /* HeadlineLabel.swift */; };
		E154571C253F4F3600327313 /* Images.swift in Sources */ = {isa = PBXBuildFile; fileRef = E154571B253F4F3600327313 /* Images.swift */; };
		E1545721253F5C4B00327313 /* EmptyStateView.swift in Sources */ = {isa = PBXBuildFile; fileRef = E1545720253F5C4B00327313 /* EmptyStateView.swift */; };
		E1545732253F5F3600327313 /* CountriesProviderInterface.swift in Sources */ = {isa = PBXBuildFile; fileRef = E1545731253F5F3600327313 /* CountriesProviderInterface.swift */; };
		E154573B253F602400327313 /* CountriesResponseModel.swift in Sources */ = {isa = PBXBuildFile; fileRef = E154573A253F602400327313 /* CountriesResponseModel.swift */; };
		E1545743253F60D900327313 /* CountriesProvider.swift in Sources */ = {isa = PBXBuildFile; fileRef = E1545742253F60D900327313 /* CountriesProvider.swift */; };
		E154574C253F61D100327313 /* NetworkSettings.swift in Sources */ = {isa = PBXBuildFile; fileRef = E154574B253F61D100327313 /* NetworkSettings.swift */; };
		E17F03F9253C68ED0005B125 /* AppDelegate.swift in Sources */ = {isa = PBXBuildFile; fileRef = E17F03F8253C68ED0005B125 /* AppDelegate.swift */; };
		E17F03FB253C68ED0005B125 /* SceneDelegate.swift in Sources */ = {isa = PBXBuildFile; fileRef = E17F03FA253C68ED0005B125 /* SceneDelegate.swift */; };
		E17F03FD253C68ED0005B125 /* MainViewController.swift in Sources */ = {isa = PBXBuildFile; fileRef = E17F03FC253C68ED0005B125 /* MainViewController.swift */; };
		E17F0402253C68EF0005B125 /* Assets.xcassets in Resources */ = {isa = PBXBuildFile; fileRef = E17F0401253C68EF0005B125 /* Assets.xcassets */; };
		E17F0405253C68EF0005B125 /* LaunchScreen.storyboard in Resources */ = {isa = PBXBuildFile; fileRef = E17F0403253C68EF0005B125 /* LaunchScreen.storyboard */; };
		E17F0410253C68EF0005B125 /* RoundTableAppsAssignmentTests.swift in Sources */ = {isa = PBXBuildFile; fileRef = E17F040F253C68EF0005B125 /* RoundTableAppsAssignmentTests.swift */; };
		E17F041B253C68EF0005B125 /* RoundTableAppsAssignmentUITests.swift in Sources */ = {isa = PBXBuildFile; fileRef = E17F041A253C68EF0005B125 /* RoundTableAppsAssignmentUITests.swift */; };
		E17F0442253C76150005B125 /* Country.swift in Sources */ = {isa = PBXBuildFile; fileRef = E17F0441253C76150005B125 /* Country.swift */; };
		E19A86B1253DECE40016EBAB /* ActionButton.swift in Sources */ = {isa = PBXBuildFile; fileRef = E19A86B0253DECE40016EBAB /* ActionButton.swift */; };
		E19A86BC253DFE6E0016EBAB /* CountriesNavigationControllerComposer.swift in Sources */ = {isa = PBXBuildFile; fileRef = E19A86BB253DFE6E0016EBAB /* CountriesNavigationControllerComposer.swift */; };
		E19A86C1253E0E240016EBAB /* [CountryViewModel].swift in Sources */ = {isa = PBXBuildFile; fileRef = E19A86C0253E0E240016EBAB /* [CountryViewModel].swift */; };
		E19A86C6253E0EC90016EBAB /* CountrySelectButtonColor.swift in Sources */ = {isa = PBXBuildFile; fileRef = E19A86C5253E0EC90016EBAB /* CountrySelectButtonColor.swift */; };
		E19A86D7253E16F30016EBAB /* CountryTableViewCell.swift in Sources */ = {isa = PBXBuildFile; fileRef = E19A86D6253E16F30016EBAB /* CountryTableViewCell.swift */; };
		E1AF7AE4253C790800E04754 /* MainViewControllerComposer.swift in Sources */ = {isa = PBXBuildFile; fileRef = E1AF7AE3253C790800E04754 /* MainViewControllerComposer.swift */; };
		E1AF7AEB253C7C6200E04754 /* SelectedCountriesInteractor.swift in Sources */ = {isa = PBXBuildFile; fileRef = E1AF7AEA253C7C6200E04754 /* SelectedCountriesInteractor.swift */; };
		E1AF7AF4253C7CB000E04754 /* MainPresenter.swift in Sources */ = {isa = PBXBuildFile; fileRef = E1AF7AF3253C7CB000E04754 /* MainPresenter.swift */; };
		E1AF7AFC253C7CF100E04754 /* SelectedCountriesInteractorDelegate.swift in Sources */ = {isa = PBXBuildFile; fileRef = E1AF7AFB253C7CF100E04754 /* SelectedCountriesInteractorDelegate.swift */; };
		E1AF7B04253C8E9500E04754 /* MainPresenterDelegate.swift in Sources */ = {isa = PBXBuildFile; fileRef = E1AF7B03253C8E9500E04754 /* MainPresenterDelegate.swift */; };
		E1AF7B09253C8EC400E04754 /* MainCountryViewModel.swift in Sources */ = {isa = PBXBuildFile; fileRef = E1AF7B08253C8EC400E04754 /* MainCountryViewModel.swift */; };
		E1AF7B11253C90E800E04754 /* SelectedCountriesInteractorInterface.swift in Sources */ = {isa = PBXBuildFile; fileRef = E1AF7B10253C90E800E04754 /* SelectedCountriesInteractorInterface.swift */; };
		E1EAE80E253F3D3B002C874F /* ActionView.swift in Sources */ = {isa = PBXBuildFile; fileRef = E1EAE80D253F3D3B002C874F /* ActionView.swift */; };
		E1F14100254076EF0096FE2E /* NetworkError.swift in Sources */ = {isa = PBXBuildFile; fileRef = E1F140FF254076EF0096FE2E /* NetworkError.swift */; };
/* End PBXBuildFile section */

/* Begin PBXContainerItemProxy section */
		E17F040C253C68EF0005B125 /* PBXContainerItemProxy */ = {
			isa = PBXContainerItemProxy;
			containerPortal = E17F03ED253C68ED0005B125 /* Project object */;
			proxyType = 1;
			remoteGlobalIDString = E17F03F4253C68ED0005B125;
			remoteInfo = RoundTableAppsAssignment;
		};
		E17F0417253C68EF0005B125 /* PBXContainerItemProxy */ = {
			isa = PBXContainerItemProxy;
			containerPortal = E17F03ED253C68ED0005B125 /* Project object */;
			proxyType = 1;
			remoteGlobalIDString = E17F03F4253C68ED0005B125;
			remoteInfo = RoundTableAppsAssignment;
		};
/* End PBXContainerItemProxy section */

/* Begin PBXFileReference section */
		E103CA022540802300999872 /* CountriesPresenterInterface.swift */ = {isa = PBXFileReference; lastKnownFileType = sourcecode.swift; path = CountriesPresenterInterface.swift; sourceTree = "<group>"; };
		E103CA072540820500999872 /* Strings.swift */ = {isa = PBXFileReference; lastKnownFileType = sourcecode.swift; path = Strings.swift; sourceTree = "<group>"; };
		E1406614253C9404006ABC08 /* CountriesInteractor.swift */ = {isa = PBXFileReference; lastKnownFileType = sourcecode.swift; path = CountriesInteractor.swift; sourceTree = "<group>"; };
		E14B2A8D253C9EFB00A085F8 /* CountriesViewController.swift */ = {isa = PBXFileReference; lastKnownFileType = sourcecode.swift; path = CountriesViewController.swift; sourceTree = "<group>"; };
		E14B2AA4253CA15400A085F8 /* CountriesInteractorInterface.swift */ = {isa = PBXFileReference; lastKnownFileType = sourcecode.swift; path = CountriesInteractorInterface.swift; sourceTree = "<group>"; };
		E14B2AB3253CA47600A085F8 /* CountriesViewControllerDelegate.swift */ = {isa = PBXFileReference; lastKnownFileType = sourcecode.swift; path = CountriesViewControllerDelegate.swift; sourceTree = "<group>"; };
		E14B2AC6253CAF5F00A085F8 /* CountriesViewControllerInterface.swift */ = {isa = PBXFileReference; fileEncoding = 4; lastKnownFileType = sourcecode.swift; path = CountriesViewControllerInterface.swift; sourceTree = "<group>"; };
		E14B2ACE253CB08A00A085F8 /* CountriesPresenter.swift */ = {isa = PBXFileReference; lastKnownFileType = sourcecode.swift; path = CountriesPresenter.swift; sourceTree = "<group>"; };
		E14B2ADA253CB0A600A085F8 /* CountriesInteractorDelegate.swift */ = {isa = PBXFileReference; lastKnownFileType = sourcecode.swift; path = CountriesInteractorDelegate.swift; sourceTree = "<group>"; };
		E14B2ADF253CB11900A085F8 /* CountriesPresenterDelegate.swift */ = {isa = PBXFileReference; lastKnownFileType = sourcecode.swift; path = CountriesPresenterDelegate.swift; sourceTree = "<group>"; };
		E14B2AE4253CB17600A085F8 /* CountriesViewControllerComposer.swift */ = {isa = PBXFileReference; lastKnownFileType = sourcecode.swift; path = CountriesViewControllerComposer.swift; sourceTree = "<group>"; };
		E14B2AF7253CC26400A085F8 /* CountriesView.swift */ = {isa = PBXFileReference; lastKnownFileType = sourcecode.swift; path = CountriesView.swift; sourceTree = "<group>"; };
		E14B2B00253CD28200A085F8 /* Sample.storyboard */ = {isa = PBXFileReference; lastKnownFileType = file.storyboard; path = Sample.storyboard; sourceTree = "<group>"; };
		E15456EF253F4D6A00327313 /* LoadingViewProviderInterfaces.swift */ = {isa = PBXFileReference; fileEncoding = 4; lastKnownFileType = sourcecode.swift; path = LoadingViewProviderInterfaces.swift; sourceTree = "<group>"; };
		E15456F0253F4D6A00327313 /* LoadingViewProvider.swift */ = {isa = PBXFileReference; fileEncoding = 4; lastKnownFileType = sourcecode.swift; path = LoadingViewProvider.swift; sourceTree = "<group>"; };
		E15456FF253F4D7F00327313 /* AlertViewControllerProviderInterface.swift */ = {isa = PBXFileReference; fileEncoding = 4; lastKnownFileType = sourcecode.swift; path = AlertViewControllerProviderInterface.swift; sourceTree = "<group>"; };
		E1545700253F4D7F00327313 /* AlertViewControllerProvider.swift */ = {isa = PBXFileReference; fileEncoding = 4; lastKnownFileType = sourcecode.swift; path = AlertViewControllerProvider.swift; sourceTree = "<group>"; };
		E1545701253F4D7F00327313 /* AEAlertViewController.swift */ = {isa = PBXFileReference; fileEncoding = 4; lastKnownFileType = sourcecode.swift; path = AEAlertViewController.swift; sourceTree = "<group>"; };
		E154570F253F4E1E00327313 /* TitleLabel.swift */ = {isa = PBXFileReference; fileEncoding = 4; lastKnownFileType = sourcecode.swift; path = TitleLabel.swift; sourceTree = "<group>"; };
		E1545714253F4E3600327313 /* BodyLabel.swift */ = {isa = PBXFileReference; fileEncoding = 4; lastKnownFileType = sourcecode.swift; path = BodyLabel.swift; sourceTree = "<group>"; };
		E1545715253F4E3600327313 /* HeadlineLabel.swift */ = {isa = PBXFileReference; fileEncoding = 4; lastKnownFileType = sourcecode.swift; path = HeadlineLabel.swift; sourceTree = "<group>"; };
		E154571B253F4F3600327313 /* Images.swift */ = {isa = PBXFileReference; lastKnownFileType = sourcecode.swift; path = Images.swift; sourceTree = "<group>"; };
		E1545720253F5C4B00327313 /* EmptyStateView.swift */ = {isa = PBXFileReference; lastKnownFileType = sourcecode.swift; path = EmptyStateView.swift; sourceTree = "<group>"; };
		E1545731253F5F3600327313 /* CountriesProviderInterface.swift */ = {isa = PBXFileReference; lastKnownFileType = sourcecode.swift; path = CountriesProviderInterface.swift; sourceTree = "<group>"; };
		E154573A253F602400327313 /* CountriesResponseModel.swift */ = {isa = PBXFileReference; lastKnownFileType = sourcecode.swift; path = CountriesResponseModel.swift; sourceTree = "<group>"; };
		E1545742253F60D900327313 /* CountriesProvider.swift */ = {isa = PBXFileReference; lastKnownFileType = sourcecode.swift; path = CountriesProvider.swift; sourceTree = "<group>"; };
		E154574B253F61D100327313 /* NetworkSettings.swift */ = {isa = PBXFileReference; lastKnownFileType = sourcecode.swift; path = NetworkSettings.swift; sourceTree = "<group>"; };
		E17F03F5253C68ED0005B125 /* RoundTableAppsAssignment.app */ = {isa = PBXFileReference; explicitFileType = wrapper.application; includeInIndex = 0; path = RoundTableAppsAssignment.app; sourceTree = BUILT_PRODUCTS_DIR; };
		E17F03F8253C68ED0005B125 /* AppDelegate.swift */ = {isa = PBXFileReference; lastKnownFileType = sourcecode.swift; path = AppDelegate.swift; sourceTree = "<group>"; };
		E17F03FA253C68ED0005B125 /* SceneDelegate.swift */ = {isa = PBXFileReference; lastKnownFileType = sourcecode.swift; path = SceneDelegate.swift; sourceTree = "<group>"; };
		E17F03FC253C68ED0005B125 /* MainViewController.swift */ = {isa = PBXFileReference; lastKnownFileType = sourcecode.swift; path = MainViewController.swift; sourceTree = "<group>"; };
		E17F0401253C68EF0005B125 /* Assets.xcassets */ = {isa = PBXFileReference; lastKnownFileType = folder.assetcatalog; path = Assets.xcassets; sourceTree = "<group>"; };
		E17F0404253C68EF0005B125 /* Base */ = {isa = PBXFileReference; lastKnownFileType = file.storyboard; name = Base; path = Base.lproj/LaunchScreen.storyboard; sourceTree = "<group>"; };
		E17F0406253C68EF0005B125 /* Info.plist */ = {isa = PBXFileReference; lastKnownFileType = text.plist.xml; name = Info.plist; path = RoundTableAppsAssignment/AppSupport/Info.plist; sourceTree = SOURCE_ROOT; };
		E17F040B253C68EF0005B125 /* RoundTableAppsAssignmentTests.xctest */ = {isa = PBXFileReference; explicitFileType = wrapper.cfbundle; includeInIndex = 0; path = RoundTableAppsAssignmentTests.xctest; sourceTree = BUILT_PRODUCTS_DIR; };
		E17F040F253C68EF0005B125 /* RoundTableAppsAssignmentTests.swift */ = {isa = PBXFileReference; lastKnownFileType = sourcecode.swift; path = RoundTableAppsAssignmentTests.swift; sourceTree = "<group>"; };
		E17F0411253C68EF0005B125 /* Info.plist */ = {isa = PBXFileReference; lastKnownFileType = text.plist.xml; path = Info.plist; sourceTree = "<group>"; };
		E17F0416253C68EF0005B125 /* RoundTableAppsAssignmentUITests.xctest */ = {isa = PBXFileReference; explicitFileType = wrapper.cfbundle; includeInIndex = 0; path = RoundTableAppsAssignmentUITests.xctest; sourceTree = BUILT_PRODUCTS_DIR; };
		E17F041A253C68EF0005B125 /* RoundTableAppsAssignmentUITests.swift */ = {isa = PBXFileReference; lastKnownFileType = sourcecode.swift; path = RoundTableAppsAssignmentUITests.swift; sourceTree = "<group>"; };
		E17F041C253C68EF0005B125 /* Info.plist */ = {isa = PBXFileReference; lastKnownFileType = text.plist.xml; path = Info.plist; sourceTree = "<group>"; };
		E17F0441253C76150005B125 /* Country.swift */ = {isa = PBXFileReference; lastKnownFileType = sourcecode.swift; path = Country.swift; sourceTree = "<group>"; };
		E19A86B0253DECE40016EBAB /* ActionButton.swift */ = {isa = PBXFileReference; lastKnownFileType = sourcecode.swift; path = ActionButton.swift; sourceTree = "<group>"; };
		E19A86BB253DFE6E0016EBAB /* CountriesNavigationControllerComposer.swift */ = {isa = PBXFileReference; lastKnownFileType = sourcecode.swift; path = CountriesNavigationControllerComposer.swift; sourceTree = "<group>"; };
		E19A86C0253E0E240016EBAB /* [CountryViewModel].swift */ = {isa = PBXFileReference; lastKnownFileType = sourcecode.swift; path = "[CountryViewModel].swift"; sourceTree = "<group>"; };
		E19A86C5253E0EC90016EBAB /* CountrySelectButtonColor.swift */ = {isa = PBXFileReference; lastKnownFileType = sourcecode.swift; path = CountrySelectButtonColor.swift; sourceTree = "<group>"; };
		E19A86D6253E16F30016EBAB /* CountryTableViewCell.swift */ = {isa = PBXFileReference; lastKnownFileType = sourcecode.swift; path = CountryTableViewCell.swift; sourceTree = "<group>"; };
		E1AF7AE3253C790800E04754 /* MainViewControllerComposer.swift */ = {isa = PBXFileReference; lastKnownFileType = sourcecode.swift; path = MainViewControllerComposer.swift; sourceTree = "<group>"; };
		E1AF7AEA253C7C6200E04754 /* SelectedCountriesInteractor.swift */ = {isa = PBXFileReference; lastKnownFileType = sourcecode.swift; path = SelectedCountriesInteractor.swift; sourceTree = "<group>"; };
		E1AF7AF3253C7CB000E04754 /* MainPresenter.swift */ = {isa = PBXFileReference; lastKnownFileType = sourcecode.swift; path = MainPresenter.swift; sourceTree = "<group>"; };
		E1AF7AFB253C7CF100E04754 /* SelectedCountriesInteractorDelegate.swift */ = {isa = PBXFileReference; lastKnownFileType = sourcecode.swift; path = SelectedCountriesInteractorDelegate.swift; sourceTree = "<group>"; };
		E1AF7B03253C8E9500E04754 /* MainPresenterDelegate.swift */ = {isa = PBXFileReference; lastKnownFileType = sourcecode.swift; path = MainPresenterDelegate.swift; sourceTree = "<group>"; };
		E1AF7B08253C8EC400E04754 /* MainCountryViewModel.swift */ = {isa = PBXFileReference; lastKnownFileType = sourcecode.swift; path = MainCountryViewModel.swift; sourceTree = "<group>"; };
		E1AF7B10253C90E800E04754 /* SelectedCountriesInteractorInterface.swift */ = {isa = PBXFileReference; lastKnownFileType = sourcecode.swift; path = SelectedCountriesInteractorInterface.swift; sourceTree = "<group>"; };
		E1EAE80D253F3D3B002C874F /* ActionView.swift */ = {isa = PBXFileReference; lastKnownFileType = sourcecode.swift; path = ActionView.swift; sourceTree = "<group>"; };
		E1F140FF254076EF0096FE2E /* NetworkError.swift */ = {isa = PBXFileReference; lastKnownFileType = sourcecode.swift; path = NetworkError.swift; sourceTree = "<group>"; };
/* End PBXFileReference section */

/* Begin PBXFrameworksBuildPhase section */
		E17F03F2253C68ED0005B125 /* Frameworks */ = {
			isa = PBXFrameworksBuildPhase;
			buildActionMask = 2147483647;
			files = (
			);
			runOnlyForDeploymentPostprocessing = 0;
		};
		E17F0408253C68EF0005B125 /* Frameworks */ = {
			isa = PBXFrameworksBuildPhase;
			buildActionMask = 2147483647;
			files = (
			);
			runOnlyForDeploymentPostprocessing = 0;
		};
		E17F0413253C68EF0005B125 /* Frameworks */ = {
			isa = PBXFrameworksBuildPhase;
			buildActionMask = 2147483647;
			files = (
			);
			runOnlyForDeploymentPostprocessing = 0;
		};
/* End PBXFrameworksBuildPhase section */

/* Begin PBXGroup section */
		E14B2A92253C9F0300A085F8 /* Countries */ = {
			isa = PBXGroup;
			children = (
				E14B2AE9253CB17900A085F8 /* Composer */,
				E14B2A96253C9F0B00A085F8 /* ViewController */,
				E14B2AD3253CB08D00A085F8 /* Presenter */,
			);
			path = Countries;
			sourceTree = "<group>";
		};
		E14B2A96253C9F0B00A085F8 /* ViewController */ = {
			isa = PBXGroup;
			children = (
				E14B2A8D253C9EFB00A085F8 /* CountriesViewController.swift */,
				E14B2AC6253CAF5F00A085F8 /* CountriesViewControllerInterface.swift */,
				E14B2AB3253CA47600A085F8 /* CountriesViewControllerDelegate.swift */,
			);
			path = ViewController;
			sourceTree = "<group>";
		};
		E14B2AD3253CB08D00A085F8 /* Presenter */ = {
			isa = PBXGroup;
			children = (
				E14B2ACE253CB08A00A085F8 /* CountriesPresenter.swift */,
				E103CA022540802300999872 /* CountriesPresenterInterface.swift */,
				E14B2ADF253CB11900A085F8 /* CountriesPresenterDelegate.swift */,
				E19A86C0253E0E240016EBAB /* [CountryViewModel].swift */,
				E19A86C5253E0EC90016EBAB /* CountrySelectButtonColor.swift */,
			);
			path = Presenter;
			sourceTree = "<group>";
		};
		E14B2AE9253CB17900A085F8 /* Composer */ = {
			isa = PBXGroup;
			children = (
				E14B2AE4253CB17600A085F8 /* CountriesViewControllerComposer.swift */,
				E19A86BB253DFE6E0016EBAB /* CountriesNavigationControllerComposer.swift */,
			);
			path = Composer;
			sourceTree = "<group>";
		};
		E14B2AFC253CC26800A085F8 /* CustomViews */ = {
			isa = PBXGroup;
			children = (
				E154570E253F4E1400327313 /* Labels */,
				E19A86D5253E16800016EBAB /* Cells */,
				E19A86CA253E166B0016EBAB /* Views */,
				E19A86CE253E16760016EBAB /* Buttons */,
			);
			path = CustomViews;
			sourceTree = "<group>";
		};
		E15456ED253F4D4D00327313 /* UIProviders */ = {
			isa = PBXGroup;
			children = (
				E15456FE253F4D7F00327313 /* AlertViewControllerProvider */,
				E15456EE253F4D6A00327313 /* LoadingViewProvider */,
			);
			path = UIProviders;
			sourceTree = "<group>";
		};
		E15456EE253F4D6A00327313 /* LoadingViewProvider */ = {
			isa = PBXGroup;
			children = (
				E15456EF253F4D6A00327313 /* LoadingViewProviderInterfaces.swift */,
				E15456F0253F4D6A00327313 /* LoadingViewProvider.swift */,
			);
			path = LoadingViewProvider;
			sourceTree = "<group>";
		};
		E15456FE253F4D7F00327313 /* AlertViewControllerProvider */ = {
			isa = PBXGroup;
			children = (
				E15456FF253F4D7F00327313 /* AlertViewControllerProviderInterface.swift */,
				E1545700253F4D7F00327313 /* AlertViewControllerProvider.swift */,
				E1545701253F4D7F00327313 /* AEAlertViewController.swift */,
			);
			path = AlertViewControllerProvider;
			sourceTree = "<group>";
		};
		E154570E253F4E1400327313 /* Labels */ = {
			isa = PBXGroup;
			children = (
				E154570F253F4E1E00327313 /* TitleLabel.swift */,
				E1545714253F4E3600327313 /* BodyLabel.swift */,
				E1545715253F4E3600327313 /* HeadlineLabel.swift */,
			);
			path = Labels;
			sourceTree = "<group>";
		};
		E1545736253F5F4900327313 /* Services */ = {
			isa = PBXGroup;
			children = (
				E1545731253F5F3600327313 /* CountriesProviderInterface.swift */,
				E154573A253F602400327313 /* CountriesResponseModel.swift */,
			);
			path = Services;
			sourceTree = "<group>";
		};
		E1545747253F60DD00327313 /* CountriesProvider */ = {
			isa = PBXGroup;
			children = (
				E1545742253F60D900327313 /* CountriesProvider.swift */,
			);
			path = CountriesProvider;
			sourceTree = "<group>";
		};
		E17F03EC253C68ED0005B125 = {
			isa = PBXGroup;
			children = (
				E17F03F7253C68ED0005B125 /* RoundTableAppsAssignment */,
				E17F040E253C68EF0005B125 /* RoundTableAppsAssignmentTests */,
				E17F0419253C68EF0005B125 /* RoundTableAppsAssignmentUITests */,
				E17F03F6253C68ED0005B125 /* Products */,
			);
			sourceTree = "<group>";
		};
		E17F03F6253C68ED0005B125 /* Products */ = {
			isa = PBXGroup;
			children = (
				E17F03F5253C68ED0005B125 /* RoundTableAppsAssignment.app */,
				E17F040B253C68EF0005B125 /* RoundTableAppsAssignmentTests.xctest */,
				E17F0416253C68EF0005B125 /* RoundTableAppsAssignmentUITests.xctest */,
			);
			name = Products;
			sourceTree = "<group>";
		};
		E17F03F7253C68ED0005B125 /* RoundTableAppsAssignment */ = {
			isa = PBXGroup;
			children = (
				E17F043F253C75FC0005B125 /* Entities */,
				E1AF7AE8253C7C0300E04754 /* UseCases */,
				E17F0436253C75240005B125 /* Scenes */,
				E1EAE815253F4CD7002C874F /* ServiceProviders */,
				E17F042B253C74B70005B125 /* AppSupport */,
				E1F141042540770F0096FE2E /* CustomClasses */,
				E14B2AFC253CC26800A085F8 /* CustomViews */,
			);
			path = RoundTableAppsAssignment;
			sourceTree = "<group>";
		};
		E17F040E253C68EF0005B125 /* RoundTableAppsAssignmentTests */ = {
			isa = PBXGroup;
			children = (
				E17F040F253C68EF0005B125 /* RoundTableAppsAssignmentTests.swift */,
				E17F0411253C68EF0005B125 /* Info.plist */,
			);
			path = RoundTableAppsAssignmentTests;
			sourceTree = "<group>";
		};
		E17F0419253C68EF0005B125 /* RoundTableAppsAssignmentUITests */ = {
			isa = PBXGroup;
			children = (
				E17F041A253C68EF0005B125 /* RoundTableAppsAssignmentUITests.swift */,
				E17F041C253C68EF0005B125 /* Info.plist */,
			);
			path = RoundTableAppsAssignmentUITests;
			sourceTree = "<group>";
		};
		E17F042B253C74B70005B125 /* AppSupport */ = {
			isa = PBXGroup;
			children = (
				E17F043E253C75700005B125 /* Assets */,
				E17F03F8253C68ED0005B125 /* AppDelegate.swift */,
				E17F03FA253C68ED0005B125 /* SceneDelegate.swift */,
				E17F0406253C68EF0005B125 /* Info.plist */,
			);
			path = AppSupport;
			sourceTree = "<group>";
		};
		E17F0432253C751A0005B125 /* Main */ = {
			isa = PBXGroup;
			children = (
				E1AF7AE2253C78D000E04754 /* Composer */,
				E1AF7ADE253C78C600E04754 /* ViewController */,
				E1AF7AF2253C7C9B00E04754 /* Presenter */,
			);
			path = Main;
			sourceTree = "<group>";
		};
		E17F0436253C75240005B125 /* Scenes */ = {
			isa = PBXGroup;
			children = (
				E17F043A253C75430005B125 /* LaunchScreen */,
				E17F0432253C751A0005B125 /* Main */,
				E14B2A92253C9F0300A085F8 /* Countries */,
			);
			path = Scenes;
			sourceTree = "<group>";
		};
		E17F043A253C75430005B125 /* LaunchScreen */ = {
			isa = PBXGroup;
			children = (
				E17F0403253C68EF0005B125 /* LaunchScreen.storyboard */,
			);
			path = LaunchScreen;
			sourceTree = "<group>";
		};
		E17F043E253C75700005B125 /* Assets */ = {
			isa = PBXGroup;
			children = (
				E17F0401253C68EF0005B125 /* Assets.xcassets */,
			);
			path = Assets;
			sourceTree = "<group>";
		};
		E17F043F253C75FC0005B125 /* Entities */ = {
			isa = PBXGroup;
			children = (
				E17F0441253C76150005B125 /* Country.swift */,
			);
			path = Entities;
			sourceTree = "<group>";
		};
		E18D9DF1253C9428002080D8 /* Countries */ = {
			isa = PBXGroup;
			children = (
				E1406614253C9404006ABC08 /* CountriesInteractor.swift */,
				E14B2AA4253CA15400A085F8 /* CountriesInteractorInterface.swift */,
				E14B2ADA253CB0A600A085F8 /* CountriesInteractorDelegate.swift */,
				E1545736253F5F4900327313 /* Services */,
			);
			path = Countries;
			sourceTree = "<group>";
		};
		E19A86CA253E166B0016EBAB /* Views */ = {
			isa = PBXGroup;
			children = (
				E14B2AF7253CC26400A085F8 /* CountriesView.swift */,
				E1EAE80D253F3D3B002C874F /* ActionView.swift */,
				E1545720253F5C4B00327313 /* EmptyStateView.swift */,
			);
			path = Views;
			sourceTree = "<group>";
		};
		E19A86CE253E16760016EBAB /* Buttons */ = {
			isa = PBXGroup;
			children = (
				E19A86B0253DECE40016EBAB /* ActionButton.swift */,
			);
			path = Buttons;
			sourceTree = "<group>";
		};
		E19A86D5253E16800016EBAB /* Cells */ = {
			isa = PBXGroup;
			children = (
				E19A86D6253E16F30016EBAB /* CountryTableViewCell.swift */,
			);
			path = Cells;
			sourceTree = "<group>";
		};
		E1AF7ADE253C78C600E04754 /* ViewController */ = {
			isa = PBXGroup;
			children = (
				E17F03FC253C68ED0005B125 /* MainViewController.swift */,
				E14B2B00253CD28200A085F8 /* Sample.storyboard */,
			);
			path = ViewController;
			sourceTree = "<group>";
		};
		E1AF7AE2253C78D000E04754 /* Composer */ = {
			isa = PBXGroup;
			children = (
				E1AF7AE3253C790800E04754 /* MainViewControllerComposer.swift */,
			);
			path = Composer;
			sourceTree = "<group>";
		};
		E1AF7AE8253C7C0300E04754 /* UseCases */ = {
			isa = PBXGroup;
			children = (
				E1AF7AE9253C7C2500E04754 /* SelectedCountries */,
				E18D9DF1253C9428002080D8 /* Countries */,
			);
			path = UseCases;
			sourceTree = "<group>";
		};
		E1AF7AE9253C7C2500E04754 /* SelectedCountries */ = {
			isa = PBXGroup;
			children = (
				E1AF7AEA253C7C6200E04754 /* SelectedCountriesInteractor.swift */,
				E1AF7B10253C90E800E04754 /* SelectedCountriesInteractorInterface.swift */,
				E1AF7AFB253C7CF100E04754 /* SelectedCountriesInteractorDelegate.swift */,
			);
			path = SelectedCountries;
			sourceTree = "<group>";
		};
		E1AF7AF2253C7C9B00E04754 /* Presenter */ = {
			isa = PBXGroup;
			children = (
				E1AF7AF3253C7CB000E04754 /* MainPresenter.swift */,
				E1AF7B03253C8E9500E04754 /* MainPresenterDelegate.swift */,
				E1AF7B08253C8EC400E04754 /* MainCountryViewModel.swift */,
			);
			path = Presenter;
			sourceTree = "<group>";
		};
		E1EAE815253F4CD7002C874F /* ServiceProviders */ = {
			isa = PBXGroup;
			children = (
				E15456ED253F4D4D00327313 /* UIProviders */,
				E1545747253F60DD00327313 /* CountriesProvider */,
			);
			path = ServiceProviders;
			sourceTree = "<group>";
		};
		E1F141042540770F0096FE2E /* CustomClasses */ = {
			isa = PBXGroup;
			children = (
				E154571B253F4F3600327313 /* Images.swift */,
				E103CA072540820500999872 /* Strings.swift */,
				E154574B253F61D100327313 /* NetworkSettings.swift */,
				E1F140FF254076EF0096FE2E /* NetworkError.swift */,
			);
			path = CustomClasses;
			sourceTree = "<group>";
		};
/* End PBXGroup section */

/* Begin PBXNativeTarget section */
		E17F03F4253C68ED0005B125 /* RoundTableAppsAssignment */ = {
			isa = PBXNativeTarget;
			buildConfigurationList = E17F041F253C68EF0005B125 /* Build configuration list for PBXNativeTarget "RoundTableAppsAssignment" */;
			buildPhases = (
				E17F03F1253C68ED0005B125 /* Sources */,
				E17F03F2253C68ED0005B125 /* Frameworks */,
				E17F03F3253C68ED0005B125 /* Resources */,
			);
			buildRules = (
			);
			dependencies = (
			);
			name = RoundTableAppsAssignment;
			productName = RoundTableAppsAssignment;
			productReference = E17F03F5253C68ED0005B125 /* RoundTableAppsAssignment.app */;
			productType = "com.apple.product-type.application";
		};
		E17F040A253C68EF0005B125 /* RoundTableAppsAssignmentTests */ = {
			isa = PBXNativeTarget;
			buildConfigurationList = E17F0422253C68EF0005B125 /* Build configuration list for PBXNativeTarget "RoundTableAppsAssignmentTests" */;
			buildPhases = (
				E17F0407253C68EF0005B125 /* Sources */,
				E17F0408253C68EF0005B125 /* Frameworks */,
				E17F0409253C68EF0005B125 /* Resources */,
			);
			buildRules = (
			);
			dependencies = (
				E17F040D253C68EF0005B125 /* PBXTargetDependency */,
			);
			name = RoundTableAppsAssignmentTests;
			productName = RoundTableAppsAssignmentTests;
			productReference = E17F040B253C68EF0005B125 /* RoundTableAppsAssignmentTests.xctest */;
			productType = "com.apple.product-type.bundle.unit-test";
		};
		E17F0415253C68EF0005B125 /* RoundTableAppsAssignmentUITests */ = {
			isa = PBXNativeTarget;
			buildConfigurationList = E17F0425253C68EF0005B125 /* Build configuration list for PBXNativeTarget "RoundTableAppsAssignmentUITests" */;
			buildPhases = (
				E17F0412253C68EF0005B125 /* Sources */,
				E17F0413253C68EF0005B125 /* Frameworks */,
				E17F0414253C68EF0005B125 /* Resources */,
			);
			buildRules = (
			);
			dependencies = (
				E17F0418253C68EF0005B125 /* PBXTargetDependency */,
			);
			name = RoundTableAppsAssignmentUITests;
			productName = RoundTableAppsAssignmentUITests;
			productReference = E17F0416253C68EF0005B125 /* RoundTableAppsAssignmentUITests.xctest */;
			productType = "com.apple.product-type.bundle.ui-testing";
		};
/* End PBXNativeTarget section */

/* Begin PBXProject section */
		E17F03ED253C68ED0005B125 /* Project object */ = {
			isa = PBXProject;
			attributes = {
				LastSwiftUpdateCheck = 1220;
				LastUpgradeCheck = 1220;
				TargetAttributes = {
					E17F03F4253C68ED0005B125 = {
						CreatedOnToolsVersion = 12.2;
					};
					E17F040A253C68EF0005B125 = {
						CreatedOnToolsVersion = 12.2;
						TestTargetID = E17F03F4253C68ED0005B125;
					};
					E17F0415253C68EF0005B125 = {
						CreatedOnToolsVersion = 12.2;
						TestTargetID = E17F03F4253C68ED0005B125;
					};
				};
			};
			buildConfigurationList = E17F03F0253C68ED0005B125 /* Build configuration list for PBXProject "RoundTableAppsAssignment" */;
			compatibilityVersion = "Xcode 9.3";
			developmentRegion = en;
			hasScannedForEncodings = 0;
			knownRegions = (
				en,
				Base,
			);
			mainGroup = E17F03EC253C68ED0005B125;
			productRefGroup = E17F03F6253C68ED0005B125 /* Products */;
			projectDirPath = "";
			projectRoot = "";
			targets = (
				E17F03F4253C68ED0005B125 /* RoundTableAppsAssignment */,
				E17F040A253C68EF0005B125 /* RoundTableAppsAssignmentTests */,
				E17F0415253C68EF0005B125 /* RoundTableAppsAssignmentUITests */,
			);
		};
/* End PBXProject section */

/* Begin PBXResourcesBuildPhase section */
		E17F03F3253C68ED0005B125 /* Resources */ = {
			isa = PBXResourcesBuildPhase;
			buildActionMask = 2147483647;
			files = (
				E17F0405253C68EF0005B125 /* LaunchScreen.storyboard in Resources */,
				E17F0402253C68EF0005B125 /* Assets.xcassets in Resources */,
				E14B2B01253CD28200A085F8 /* Sample.storyboard in Resources */,
			);
			runOnlyForDeploymentPostprocessing = 0;
		};
		E17F0409253C68EF0005B125 /* Resources */ = {
			isa = PBXResourcesBuildPhase;
			buildActionMask = 2147483647;
			files = (
			);
			runOnlyForDeploymentPostprocessing = 0;
		};
		E17F0414253C68EF0005B125 /* Resources */ = {
			isa = PBXResourcesBuildPhase;
			buildActionMask = 2147483647;
			files = (
			);
			runOnlyForDeploymentPostprocessing = 0;
		};
/* End PBXResourcesBuildPhase section */

/* Begin PBXSourcesBuildPhase section */
		E17F03F1253C68ED0005B125 /* Sources */ = {
			isa = PBXSourcesBuildPhase;
			buildActionMask = 2147483647;
			files = (
				E1AF7AEB253C7C6200E04754 /* SelectedCountriesInteractor.swift in Sources */,
				E1545703253F4D7F00327313 /* AlertViewControllerProvider.swift in Sources */,
				E17F0442253C76150005B125 /* Country.swift in Sources */,
				E14B2AE5253CB17600A085F8 /* CountriesViewControllerComposer.swift in Sources */,
				E19A86B1253DECE40016EBAB /* ActionButton.swift in Sources */,
				E1545710253F4E1E00327313 /* TitleLabel.swift in Sources */,
				E14B2ADB253CB0A600A085F8 /* CountriesInteractorDelegate.swift in Sources */,
				E1AF7AE4253C790800E04754 /* MainViewControllerComposer.swift in Sources */,
				E19A86BC253DFE6E0016EBAB /* CountriesNavigationControllerComposer.swift in Sources */,
				E17F03FD253C68ED0005B125 /* MainViewController.swift in Sources */,
				E19A86D7253E16F30016EBAB /* CountryTableViewCell.swift in Sources */,
				E154571C253F4F3600327313 /* Images.swift in Sources */,
				E14B2ACF253CB08A00A085F8 /* CountriesPresenter.swift in Sources */,
				E19A86C1253E0E240016EBAB /* [CountryViewModel].swift in Sources */,
				E14B2AB4253CA47600A085F8 /* CountriesViewControllerDelegate.swift in Sources */,
				E1F14100254076EF0096FE2E /* NetworkError.swift in Sources */,
				E14B2AA5253CA15400A085F8 /* CountriesInteractorInterface.swift in Sources */,
				E17F03F9253C68ED0005B125 /* AppDelegate.swift in Sources */,
				E15456F2253F4D6A00327313 /* LoadingViewProvider.swift in Sources */,
				E1545721253F5C4B00327313 /* EmptyStateView.swift in Sources */,
				E1AF7B11253C90E800E04754 /* SelectedCountriesInteractorInterface.swift in Sources */,
				E14B2AF8253CC26400A085F8 /* CountriesView.swift in Sources */,
				E1AF7AF4253C7CB000E04754 /* MainPresenter.swift in Sources */,
				E154573B253F602400327313 /* CountriesResponseModel.swift in Sources */,
				E1545702253F4D7F00327313 /* AlertViewControllerProviderInterface.swift in Sources */,
				E1545704253F4D7F00327313 /* AEAlertViewController.swift in Sources */,
				E19A86C6253E0EC90016EBAB /* CountrySelectButtonColor.swift in Sources */,
				E14B2A8E253C9EFB00A085F8 /* CountriesViewController.swift in Sources */,
				E1EAE80E253F3D3B002C874F /* ActionView.swift in Sources */,
				E1545717253F4E3600327313 /* HeadlineLabel.swift in Sources */,
				E103CA032540802300999872 /* CountriesPresenterInterface.swift in Sources */,
				E1AF7B04253C8E9500E04754 /* MainPresenterDelegate.swift in Sources */,
				E15456F1253F4D6A00327313 /* LoadingViewProviderInterfaces.swift in Sources */,
				E1545743253F60D900327313 /* CountriesProvider.swift in Sources */,
				E103CA082540820500999872 /* Strings.swift in Sources */,
				E14B2AE0253CB11900A085F8 /* CountriesPresenterDelegate.swift in Sources */,
				E154574C253F61D100327313 /* NetworkSettings.swift in Sources */,
				E1406615253C9404006ABC08 /* CountriesInteractor.swift in Sources */,
				E17F03FB253C68ED0005B125 /* SceneDelegate.swift in Sources */,
				E1545716253F4E3600327313 /* BodyLabel.swift in Sources */,
				E14B2AC7253CAF5F00A085F8 /* CountriesViewControllerInterface.swift in Sources */,
				E1AF7AFC253C7CF100E04754 /* SelectedCountriesInteractorDelegate.swift in Sources */,
				E1545732253F5F3600327313 /* CountriesProviderInterface.swift in Sources */,
				E1AF7B09253C8EC400E04754 /* MainCountryViewModel.swift in Sources */,
			);
			runOnlyForDeploymentPostprocessing = 0;
		};
		E17F0407253C68EF0005B125 /* Sources */ = {
			isa = PBXSourcesBuildPhase;
			buildActionMask = 2147483647;
			files = (
				E17F0410253C68EF0005B125 /* RoundTableAppsAssignmentTests.swift in Sources */,
			);
			runOnlyForDeploymentPostprocessing = 0;
		};
		E17F0412253C68EF0005B125 /* Sources */ = {
			isa = PBXSourcesBuildPhase;
			buildActionMask = 2147483647;
			files = (
				E17F041B253C68EF0005B125 /* RoundTableAppsAssignmentUITests.swift in Sources */,
			);
			runOnlyForDeploymentPostprocessing = 0;
		};
/* End PBXSourcesBuildPhase section */

/* Begin PBXTargetDependency section */
		E17F040D253C68EF0005B125 /* PBXTargetDependency */ = {
			isa = PBXTargetDependency;
			target = E17F03F4253C68ED0005B125 /* RoundTableAppsAssignment */;
			targetProxy = E17F040C253C68EF0005B125 /* PBXContainerItemProxy */;
		};
		E17F0418253C68EF0005B125 /* PBXTargetDependency */ = {
			isa = PBXTargetDependency;
			target = E17F03F4253C68ED0005B125 /* RoundTableAppsAssignment */;
			targetProxy = E17F0417253C68EF0005B125 /* PBXContainerItemProxy */;
		};
/* End PBXTargetDependency section */

/* Begin PBXVariantGroup section */
		E17F0403253C68EF0005B125 /* LaunchScreen.storyboard */ = {
			isa = PBXVariantGroup;
			children = (
				E17F0404253C68EF0005B125 /* Base */,
			);
			name = LaunchScreen.storyboard;
			sourceTree = "<group>";
		};
/* End PBXVariantGroup section */

/* Begin XCBuildConfiguration section */
		E17F041D253C68EF0005B125 /* Debug */ = {
			isa = XCBuildConfiguration;
			buildSettings = {
				ALWAYS_SEARCH_USER_PATHS = NO;
				CLANG_ANALYZER_NONNULL = YES;
				CLANG_ANALYZER_NUMBER_OBJECT_CONVERSION = YES_AGGRESSIVE;
				CLANG_CXX_LANGUAGE_STANDARD = "gnu++14";
				CLANG_CXX_LIBRARY = "libc++";
				CLANG_ENABLE_MODULES = YES;
				CLANG_ENABLE_OBJC_ARC = YES;
				CLANG_ENABLE_OBJC_WEAK = YES;
				CLANG_WARN_BLOCK_CAPTURE_AUTORELEASING = YES;
				CLANG_WARN_BOOL_CONVERSION = YES;
				CLANG_WARN_COMMA = YES;
				CLANG_WARN_CONSTANT_CONVERSION = YES;
				CLANG_WARN_DEPRECATED_OBJC_IMPLEMENTATIONS = YES;
				CLANG_WARN_DIRECT_OBJC_ISA_USAGE = YES_ERROR;
				CLANG_WARN_DOCUMENTATION_COMMENTS = YES;
				CLANG_WARN_EMPTY_BODY = YES;
				CLANG_WARN_ENUM_CONVERSION = YES;
				CLANG_WARN_INFINITE_RECURSION = YES;
				CLANG_WARN_INT_CONVERSION = YES;
				CLANG_WARN_NON_LITERAL_NULL_CONVERSION = YES;
				CLANG_WARN_OBJC_IMPLICIT_RETAIN_SELF = YES;
				CLANG_WARN_OBJC_LITERAL_CONVERSION = YES;
				CLANG_WARN_OBJC_ROOT_CLASS = YES_ERROR;
				CLANG_WARN_QUOTED_INCLUDE_IN_FRAMEWORK_HEADER = YES;
				CLANG_WARN_RANGE_LOOP_ANALYSIS = YES;
				CLANG_WARN_STRICT_PROTOTYPES = YES;
				CLANG_WARN_SUSPICIOUS_MOVE = YES;
				CLANG_WARN_UNGUARDED_AVAILABILITY = YES_AGGRESSIVE;
				CLANG_WARN_UNREACHABLE_CODE = YES;
				CLANG_WARN__DUPLICATE_METHOD_MATCH = YES;
				COPY_PHASE_STRIP = NO;
				DEBUG_INFORMATION_FORMAT = dwarf;
				ENABLE_STRICT_OBJC_MSGSEND = YES;
				ENABLE_TESTABILITY = YES;
				GCC_C_LANGUAGE_STANDARD = gnu11;
				GCC_DYNAMIC_NO_PIC = NO;
				GCC_NO_COMMON_BLOCKS = YES;
				GCC_OPTIMIZATION_LEVEL = 0;
				GCC_PREPROCESSOR_DEFINITIONS = (
					"DEBUG=1",
					"$(inherited)",
				);
				GCC_WARN_64_TO_32_BIT_CONVERSION = YES;
				GCC_WARN_ABOUT_RETURN_TYPE = YES_ERROR;
				GCC_WARN_UNDECLARED_SELECTOR = YES;
				GCC_WARN_UNINITIALIZED_AUTOS = YES_AGGRESSIVE;
				GCC_WARN_UNUSED_FUNCTION = YES;
				GCC_WARN_UNUSED_VARIABLE = YES;
				IPHONEOS_DEPLOYMENT_TARGET = 14.2;
				MTL_ENABLE_DEBUG_INFO = INCLUDE_SOURCE;
				MTL_FAST_MATH = YES;
				ONLY_ACTIVE_ARCH = YES;
				SDKROOT = iphoneos;
				SWIFT_ACTIVE_COMPILATION_CONDITIONS = DEBUG;
				SWIFT_OPTIMIZATION_LEVEL = "-Onone";
			};
			name = Debug;
		};
		E17F041E253C68EF0005B125 /* Release */ = {
			isa = XCBuildConfiguration;
			buildSettings = {
				ALWAYS_SEARCH_USER_PATHS = NO;
				CLANG_ANALYZER_NONNULL = YES;
				CLANG_ANALYZER_NUMBER_OBJECT_CONVERSION = YES_AGGRESSIVE;
				CLANG_CXX_LANGUAGE_STANDARD = "gnu++14";
				CLANG_CXX_LIBRARY = "libc++";
				CLANG_ENABLE_MODULES = YES;
				CLANG_ENABLE_OBJC_ARC = YES;
				CLANG_ENABLE_OBJC_WEAK = YES;
				CLANG_WARN_BLOCK_CAPTURE_AUTORELEASING = YES;
				CLANG_WARN_BOOL_CONVERSION = YES;
				CLANG_WARN_COMMA = YES;
				CLANG_WARN_CONSTANT_CONVERSION = YES;
				CLANG_WARN_DEPRECATED_OBJC_IMPLEMENTATIONS = YES;
				CLANG_WARN_DIRECT_OBJC_ISA_USAGE = YES_ERROR;
				CLANG_WARN_DOCUMENTATION_COMMENTS = YES;
				CLANG_WARN_EMPTY_BODY = YES;
				CLANG_WARN_ENUM_CONVERSION = YES;
				CLANG_WARN_INFINITE_RECURSION = YES;
				CLANG_WARN_INT_CONVERSION = YES;
				CLANG_WARN_NON_LITERAL_NULL_CONVERSION = YES;
				CLANG_WARN_OBJC_IMPLICIT_RETAIN_SELF = YES;
				CLANG_WARN_OBJC_LITERAL_CONVERSION = YES;
				CLANG_WARN_OBJC_ROOT_CLASS = YES_ERROR;
				CLANG_WARN_QUOTED_INCLUDE_IN_FRAMEWORK_HEADER = YES;
				CLANG_WARN_RANGE_LOOP_ANALYSIS = YES;
				CLANG_WARN_STRICT_PROTOTYPES = YES;
				CLANG_WARN_SUSPICIOUS_MOVE = YES;
				CLANG_WARN_UNGUARDED_AVAILABILITY = YES_AGGRESSIVE;
				CLANG_WARN_UNREACHABLE_CODE = YES;
				CLANG_WARN__DUPLICATE_METHOD_MATCH = YES;
				COPY_PHASE_STRIP = NO;
				DEBUG_INFORMATION_FORMAT = "dwarf-with-dsym";
				ENABLE_NS_ASSERTIONS = NO;
				ENABLE_STRICT_OBJC_MSGSEND = YES;
				GCC_C_LANGUAGE_STANDARD = gnu11;
				GCC_NO_COMMON_BLOCKS = YES;
				GCC_WARN_64_TO_32_BIT_CONVERSION = YES;
				GCC_WARN_ABOUT_RETURN_TYPE = YES_ERROR;
				GCC_WARN_UNDECLARED_SELECTOR = YES;
				GCC_WARN_UNINITIALIZED_AUTOS = YES_AGGRESSIVE;
				GCC_WARN_UNUSED_FUNCTION = YES;
				GCC_WARN_UNUSED_VARIABLE = YES;
				IPHONEOS_DEPLOYMENT_TARGET = 14.2;
				MTL_ENABLE_DEBUG_INFO = NO;
				MTL_FAST_MATH = YES;
				SDKROOT = iphoneos;
				SWIFT_COMPILATION_MODE = wholemodule;
				SWIFT_OPTIMIZATION_LEVEL = "-O";
				VALIDATE_PRODUCT = YES;
			};
			name = Release;
		};
		E17F0420253C68EF0005B125 /* Debug */ = {
			isa = XCBuildConfiguration;
			buildSettings = {
				ASSETCATALOG_COMPILER_APPICON_NAME = AppIcon;
				ASSETCATALOG_COMPILER_GLOBAL_ACCENT_COLOR_NAME = AccentColor;
				CODE_SIGN_STYLE = Automatic;
				DEVELOPMENT_TEAM = S7T2CRG623;
				INFOPLIST_FILE = RoundTableAppsAssignment/AppSupport/Info.plist;
				LD_RUNPATH_SEARCH_PATHS = (
					"$(inherited)",
					"@executable_path/Frameworks",
				);
				PRODUCT_BUNDLE_IDENTIFIER = com.amirrezaeghtedari.RoundTableAppsAssignment;
				PRODUCT_NAME = "$(TARGET_NAME)";
				SWIFT_VERSION = 5.0;
				TARGETED_DEVICE_FAMILY = "1,2";
			};
			name = Debug;
		};
		E17F0421253C68EF0005B125 /* Release */ = {
			isa = XCBuildConfiguration;
			buildSettings = {
				ASSETCATALOG_COMPILER_APPICON_NAME = AppIcon;
				ASSETCATALOG_COMPILER_GLOBAL_ACCENT_COLOR_NAME = AccentColor;
				CODE_SIGN_STYLE = Automatic;
				DEVELOPMENT_TEAM = S7T2CRG623;
				INFOPLIST_FILE = RoundTableAppsAssignment/AppSupport/Info.plist;
				LD_RUNPATH_SEARCH_PATHS = (
					"$(inherited)",
					"@executable_path/Frameworks",
				);
				PRODUCT_BUNDLE_IDENTIFIER = com.amirrezaeghtedari.RoundTableAppsAssignment;
				PRODUCT_NAME = "$(TARGET_NAME)";
				SWIFT_VERSION = 5.0;
				TARGETED_DEVICE_FAMILY = "1,2";
			};
			name = Release;
		};
		E17F0423253C68EF0005B125 /* Debug */ = {
			isa = XCBuildConfiguration;
			buildSettings = {
				ALWAYS_EMBED_SWIFT_STANDARD_LIBRARIES = YES;
				BUNDLE_LOADER = "$(TEST_HOST)";
				CODE_SIGN_STYLE = Automatic;
				DEVELOPMENT_TEAM = S7T2CRG623;
				INFOPLIST_FILE = RoundTableAppsAssignmentTests/Info.plist;
				IPHONEOS_DEPLOYMENT_TARGET = 14.2;
				LD_RUNPATH_SEARCH_PATHS = (
					"$(inherited)",
					"@executable_path/Frameworks",
					"@loader_path/Frameworks",
				);
				PRODUCT_BUNDLE_IDENTIFIER = com.amirrezaeghtedari.RoundTableAppsAssignmentTests;
				PRODUCT_NAME = "$(TARGET_NAME)";
				SWIFT_VERSION = 5.0;
				TARGETED_DEVICE_FAMILY = "1,2";
				TEST_HOST = "$(BUILT_PRODUCTS_DIR)/RoundTableAppsAssignment.app/RoundTableAppsAssignment";
			};
			name = Debug;
		};
		E17F0424253C68EF0005B125 /* Release */ = {
			isa = XCBuildConfiguration;
			buildSettings = {
				ALWAYS_EMBED_SWIFT_STANDARD_LIBRARIES = YES;
				BUNDLE_LOADER = "$(TEST_HOST)";
				CODE_SIGN_STYLE = Automatic;
				DEVELOPMENT_TEAM = S7T2CRG623;
				INFOPLIST_FILE = RoundTableAppsAssignmentTests/Info.plist;
				IPHONEOS_DEPLOYMENT_TARGET = 14.2;
				LD_RUNPATH_SEARCH_PATHS = (
					"$(inherited)",
					"@executable_path/Frameworks",
					"@loader_path/Frameworks",
				);
				PRODUCT_BUNDLE_IDENTIFIER = com.amirrezaeghtedari.RoundTableAppsAssignmentTests;
				PRODUCT_NAME = "$(TARGET_NAME)";
				SWIFT_VERSION = 5.0;
				TARGETED_DEVICE_FAMILY = "1,2";
				TEST_HOST = "$(BUILT_PRODUCTS_DIR)/RoundTableAppsAssignment.app/RoundTableAppsAssignment";
			};
			name = Release;
		};
		E17F0426253C68EF0005B125 /* Debug */ = {
			isa = XCBuildConfiguration;
			buildSettings = {
				ALWAYS_EMBED_SWIFT_STANDARD_LIBRARIES = YES;
				CODE_SIGN_STYLE = Automatic;
				DEVELOPMENT_TEAM = S7T2CRG623;
				INFOPLIST_FILE = RoundTableAppsAssignmentUITests/Info.plist;
				LD_RUNPATH_SEARCH_PATHS = (
					"$(inherited)",
					"@executable_path/Frameworks",
					"@loader_path/Frameworks",
				);
				PRODUCT_BUNDLE_IDENTIFIER = com.amirrezaeghtedari.RoundTableAppsAssignmentUITests;
				PRODUCT_NAME = "$(TARGET_NAME)";
				SWIFT_VERSION = 5.0;
				TARGETED_DEVICE_FAMILY = "1,2";
				TEST_TARGET_NAME = RoundTableAppsAssignment;
			};
			name = Debug;
		};
		E17F0427253C68EF0005B125 /* Release */ = {
			isa = XCBuildConfiguration;
			buildSettings = {
				ALWAYS_EMBED_SWIFT_STANDARD_LIBRARIES = YES;
				CODE_SIGN_STYLE = Automatic;
				DEVELOPMENT_TEAM = S7T2CRG623;
				INFOPLIST_FILE = RoundTableAppsAssignmentUITests/Info.plist;
				LD_RUNPATH_SEARCH_PATHS = (
					"$(inherited)",
					"@executable_path/Frameworks",
					"@loader_path/Frameworks",
				);
				PRODUCT_BUNDLE_IDENTIFIER = com.amirrezaeghtedari.RoundTableAppsAssignmentUITests;
				PRODUCT_NAME = "$(TARGET_NAME)";
				SWIFT_VERSION = 5.0;
				TARGETED_DEVICE_FAMILY = "1,2";
				TEST_TARGET_NAME = RoundTableAppsAssignment;
			};
			name = Release;
		};
/* End XCBuildConfiguration section */

/* Begin XCConfigurationList section */
		E17F03F0253C68ED0005B125 /* Build configuration list for PBXProject "RoundTableAppsAssignment" */ = {
			isa = XCConfigurationList;
			buildConfigurations = (
				E17F041D253C68EF0005B125 /* Debug */,
				E17F041E253C68EF0005B125 /* Release */,
			);
			defaultConfigurationIsVisible = 0;
			defaultConfigurationName = Release;
		};
		E17F041F253C68EF0005B125 /* Build configuration list for PBXNativeTarget "RoundTableAppsAssignment" */ = {
			isa = XCConfigurationList;
			buildConfigurations = (
				E17F0420253C68EF0005B125 /* Debug */,
				E17F0421253C68EF0005B125 /* Release */,
			);
			defaultConfigurationIsVisible = 0;
			defaultConfigurationName = Release;
		};
		E17F0422253C68EF0005B125 /* Build configuration list for PBXNativeTarget "RoundTableAppsAssignmentTests" */ = {
			isa = XCConfigurationList;
			buildConfigurations = (
				E17F0423253C68EF0005B125 /* Debug */,
				E17F0424253C68EF0005B125 /* Release */,
			);
			defaultConfigurationIsVisible = 0;
			defaultConfigurationName = Release;
		};
		E17F0425253C68EF0005B125 /* Build configuration list for PBXNativeTarget "RoundTableAppsAssignmentUITests" */ = {
			isa = XCConfigurationList;
			buildConfigurations = (
				E17F0426253C68EF0005B125 /* Debug */,
				E17F0427253C68EF0005B125 /* Release */,
			);
			defaultConfigurationIsVisible = 0;
			defaultConfigurationName = Release;
		};
/* End XCConfigurationList section */
	};
	rootObject = E17F03ED253C68ED0005B125 /* Project object */;
}
